
Microsoft Visual Studio Solution File, Format Version 12.00
# Visual Studio Version 16
VisualStudioVersion = 16.0.34729.46
MinimumVisualStudioVersion = 10.0.40219.1
Project("{8BC9CEB8-8B4A-11D0-8D11-00A0C91BC942}") = "rtsp-learn", "rtsp-learn\rtsp-learn.vcxproj", "{BFE4A82B-75C6-40A6-9591-18BE1B51597F}"
EndProject
Project("{8BC9CEB8-8B4A-11D0-8D11-00A0C91BC942}") = "study", "study\study.vcxproj", "{E9E4CA58-8062-4F7F-90B5-E6C4878AF4CA}"
EndProject
Project("{8BC9CEB8-8B4A-11D0-8D11-00A0C91BC942}") = "study2", "study2\study2.vcxproj", "{8E218B2C-4722-43FB-BADE-56AFD24D36B6}"
EndProject
Project("{8BC9CEB8-8B4A-11D0-8D11-00A0C91BC942}") = "study3", "study3\study3.vcxproj", "{93BFA099-1953-4F88-AC54-6FCB0F8A661D}"
EndProject
Project("{8BC9CEB8-8B4A-11D0-8D11-00A0C91BC942}") = "study4", "study4\study4.vcxproj", "{1FE6E034-0C8D-4157-93DB-B30C9126A471}"
EndProject
Global
	GlobalSection(SolutionConfigurationPlatforms) = preSolution
		Debug|x64 = Debug|x64
		Debug|x86 = Debug|x86
		Release|x64 = Release|x64
		Release|x86 = Release|x86
	EndGlobalSection
	GlobalSection(ProjectConfigurationPlatforms) = postSolution
		{BFE4A82B-75C6-40A6-9591-18BE1B51597F}.Debug|x64.ActiveCfg = Debug|x64
		{BFE4A82B-75C6-40A6-9591-18BE1B51597F}.Debug|x64.Build.0 = Debug|x64
		{BFE4A82B-75C6-40A6-9591-18BE1B51597F}.Debug|x86.ActiveCfg = Debug|Win32
		{BFE4A82B-75C6-40A6-9591-18BE1B51597F}.Debug|x86.Build.0 = Debug|Win32
		{BFE4A82B-75C6-40A6-9591-18BE1B51597F}.Release|x64.ActiveCfg = Release|x64
		{BFE4A82B-75C6-40A6-9591-18BE1B51597F}.Release|x64.Build.0 = Release|x64
		{BFE4A82B-75C6-40A6-9591-18BE1B51597F}.Release|x86.ActiveCfg = Release|Win32
		{BFE4A82B-75C6-40A6-9591-18BE1B51597F}.Release|x86.Build.0 = Release|Win32
		{E9E4CA58-8062-4F7F-90B5-E6C4878AF4CA}.Debug|x64.ActiveCfg = Debug|x64
		{E9E4CA58-8062-4F7F-90B5-E6C4878AF4CA}.Debug|x64.Build.0 = Debug|x64
		{E9E4CA58-8062-4F7F-90B5-E6C4878AF4CA}.Debug|x86.ActiveCfg = Debug|Win32
		{E9E4CA58-8062-4F7F-90B5-E6C4878AF4CA}.Debug|x86.Build.0 = Debug|Win32
		{E9E4CA58-8062-4F7F-90B5-E6C4878AF4CA}.Release|x64.ActiveCfg = Release|x64
		{E9E4CA58-8062-4F7F-90B5-E6C4878AF4CA}.Release|x64.Build.0 = Release|x64
		{E9E4CA58-8062-4F7F-90B5-E6C4878AF4CA}.Release|x86.ActiveCfg = Release|Win32
		{E9E4CA58-8062-4F7F-90B5-E6C4878AF4CA}.Release|x86.Build.0 = Release|Win32
		{8E218B2C-4722-43FB-BADE-56AFD24D36B6}.Debug|x64.ActiveCfg = Debug|x64
		{8E218B2C-4722-43FB-BADE-56AFD24D36B6}.Debug|x64.Build.0 = Debug|x64
		{8E218B2C-4722-43FB-BADE-56AFD24D36B6}.Debug|x86.ActiveCfg = Debug|Win32
		{8E218B2C-4722-43FB-BADE-56AFD24D36B6}.Debug|x86.Build.0 = Debug|Win32
		{8E218B2C-4722-43FB-BADE-56AFD24D36B6}.Release|x64.ActiveCfg = Release|x64
		{8E218B2C-4722-43FB-BADE-56AFD24D36B6}.Release|x64.Build.0 = Release|x64
		{8E218B2C-4722-43FB-BADE-56AFD24D36B6}.Release|x86.ActiveCfg = Release|Win32
		{8E218B2C-4722-43FB-BADE-56AFD24D36B6}.Release|x86.Build.0 = Release|Win32
		{93BFA099-1953-4F88-AC54-6FCB0F8A661D}.Debug|x64.ActiveCfg = Debug|x64
		{93BFA099-1953-4F88-AC54-6FCB0F8A661D}.Debug|x64.Build.0 = Debug|x64
		{93BFA099-1953-4F88-AC54-6FCB0F8A661D}.Debug|x86.ActiveCfg = Debug|Win32
		{93BFA099-1953-4F88-AC54-6FCB0F8A661D}.Debug|x86.Build.0 = Debug|Win32
		{93BFA099-1953-4F88-AC54-6FCB0F8A661D}.Release|x64.ActiveCfg = Release|x64
		{93BFA099-1953-4F88-AC54-6FCB0F8A661D}.Release|x64.Build.0 = Release|x64
		{93BFA099-1953-4F88-AC54-6FCB0F8A661D}.Release|x86.ActiveCfg = Release|Win32
		{93BFA099-1953-4F88-AC54-6FCB0F8A661D}.Release|x86.Build.0 = Release|Win32
		{1FE6E034-0C8D-4157-93DB-B30C9126A471}.Debug|x64.ActiveCfg = Debug|x64
		{1FE6E034-0C8D-4157-93DB-B30C9126A471}.Debug|x64.Build.0 = Debug|x64
		{1FE6E034-0C8D-4157-93DB-B30C9126A471}.Debug|x86.ActiveCfg = Debug|Win32
		{1FE6E034-0C8D-4157-93DB-B30C9126A471}.Debug|x86.Build.0 = Debug|Win32
		{1FE6E034-0C8D-4157-93DB-B30C9126A471}.Release|x64.ActiveCfg = Release|x64
		{1FE6E034-0C8D-4157-93DB-B30C9126A471}.Release|x64.Build.0 = Release|x64
		{1FE6E034-0C8D-4157-93DB-B30C9126A471}.Release|x86.ActiveCfg = Release|Win32
		{1FE6E034-0C8D-4157-93DB-B30C9126A471}.Release|x86.Build.0 = Release|Win32
	EndGlobalSection
	GlobalSection(SolutionProperties) = preSolution
		HideSolutionNode = FALSE
	EndGlobalSection
	GlobalSection(ExtensibilityGlobals) = postSolution
		SolutionGuid = {5F1068E5-D4C9-49DC-B30B-9E3E06B7302A}
	EndGlobalSection
EndGlobal
